
Microsoft Visual Studio Solution File, Format Version 12.00
# Visual Studio Version 17
VisualStudioVersion = 17.7.34202.233
MinimumVisualStudioVersion = 10.0.40219.1
Project("{FAE04EC0-301F-11D3-BF4B-00C04F79EFBC}") = "SecondAPI", "SecondAPI\SecondAPI.csproj", "{3C44F336-93DB-47EC-9910-80F12ED0B79B}"
EndProject
Global
	GlobalSection(SolutionConfigurationPlatforms) = preSolution
		Debug|Any CPU = Debug|Any CPU
		Release|Any CPU = Release|Any CPU
	EndGlobalSection
	GlobalSection(ProjectConfigurationPlatforms) = postSolution
		{3C44F336-93DB-47EC-9910-80F12ED0B79B}.Debug|Any CPU.ActiveCfg = Debug|Any CPU
		{3C44F336-93DB-47EC-9910-80F12ED0B79B}.Debug|Any CPU.Build.0 = Debug|Any CPU
		{3C44F336-93DB-47EC-9910-80F12ED0B79B}.Release|Any CPU.ActiveCfg = Release|Any CPU
		{3C44F336-93DB-47EC-9910-80F12ED0B79B}.Release|Any CPU.Build.0 = Release|Any CPU
	EndGlobalSection
	GlobalSection(SolutionProperties) = preSolution
		HideSolutionNode = FALSE
	EndGlobalSection
	GlobalSection(ExtensibilityGlobals) = postSolution
		SolutionGuid = {D7F284F9-2A44-4A10-BBB1-FCF5E82820D9}
	EndGlobalSection
EndGlobal
